// !$*UTF8*$!
{
	archiveVersion = 1;
	classes = {
	};
	objectVersion = 46;
	objects = {

/* Begin PBXBuildFile section */
		935854DB1DCB944C003545C9 /* CreatorCardVC.swift in Sources */ = {isa = PBXBuildFile; fileRef = 935854DA1DCB944C003545C9 /* CreatorCardVC.swift */; };
		9391B03D1DCB88FC00CFF750 /* AppDelegate.swift in Sources */ = {isa = PBXBuildFile; fileRef = 9391B03C1DCB88FC00CFF750 /* AppDelegate.swift */; };
		9391B03F1DCB88FC00CFF750 /* MainVC.swift in Sources */ = {isa = PBXBuildFile; fileRef = 9391B03E1DCB88FC00CFF750 /* MainVC.swift */; };
		9391B0421DCB88FC00CFF750 /* Main.storyboard in Resources */ = {isa = PBXBuildFile; fileRef = 9391B0401DCB88FC00CFF750 /* Main.storyboard */; };
		9391B0451DCB88FC00CFF750 /* SportsCardCollector.xcdatamodeld in Sources */ = {isa = PBXBuildFile; fileRef = 9391B0431DCB88FC00CFF750 /* SportsCardCollector.xcdatamodeld */; };
		9391B0471DCB88FC00CFF750 /* Assets.xcassets in Resources */ = {isa = PBXBuildFile; fileRef = 9391B0461DCB88FC00CFF750 /* Assets.xcassets */; };
		9391B04A1DCB88FC00CFF750 /* LaunchScreen.storyboard in Resources */ = {isa = PBXBuildFile; fileRef = 9391B0481DCB88FC00CFF750 /* LaunchScreen.storyboard */; };
/* End PBXBuildFile section */

/* Begin PBXFileReference section */
		935854DA1DCB944C003545C9 /* CreatorCardVC.swift */ = {isa = PBXFileReference; fileEncoding = 4; lastKnownFileType = sourcecode.swift; path = CreatorCardVC.swift; sourceTree = "<group>"; };
		9391B0391DCB88FC00CFF750 /* SportsCardCollector.app */ = {isa = PBXFileReference; explicitFileType = wrapper.application; includeInIndex = 0; path = SportsCardCollector.app; sourceTree = BUILT_PRODUCTS_DIR; };
		9391B03C1DCB88FC00CFF750 /* AppDelegate.swift */ = {isa = PBXFileReference; lastKnownFileType = sourcecode.swift; path = AppDelegate.swift; sourceTree = "<group>"; };
		9391B03E1DCB88FC00CFF750 /* MainVC.swift */ = {isa = PBXFileReference; lastKnownFileType = sourcecode.swift; path = MainVC.swift; sourceTree = "<group>"; };
		9391B0411DCB88FC00CFF750 /* Base */ = {isa = PBXFileReference; lastKnownFileType = file.storyboard; name = Base; path = Base.lproj/Main.storyboard; sourceTree = "<group>"; };
		9391B0441DCB88FC00CFF750 /* SportsCardCollector.xcdatamodel */ = {isa = PBXFileReference; lastKnownFileType = wrapper.xcdatamodel; path = SportsCardCollector.xcdatamodel; sourceTree = "<group>"; };
		9391B0461DCB88FC00CFF750 /* Assets.xcassets */ = {isa = PBXFileReference; lastKnownFileType = folder.assetcatalog; path = Assets.xcassets; sourceTree = "<group>"; };
		9391B0491DCB88FC00CFF750 /* Base */ = {isa = PBXFileReference; lastKnownFileType = file.storyboard; name = Base; path = Base.lproj/LaunchScreen.storyboard; sourceTree = "<group>"; };
		9391B04B1DCB88FC00CFF750 /* Info.plist */ = {isa = PBXFileReference; lastKnownFileType = text.plist.xml; path = Info.plist; sourceTree = "<group>"; };
/* End PBXFileReference section */

/* Begin PBXFrameworksBuildPhase section */
		9391B0361DCB88FC00CFF750 /* Frameworks */ = {
			isa = PBXFrameworksBuildPhase;
			buildActionMask = 2147483647;
			files = (
			);
			runOnlyForDeploymentPostprocessing = 0;
		};
/* End PBXFrameworksBuildPhase section */

/* Begin PBXGroup section */
		935854D91DCB8B0D003545C9 /* Controllers */ = {
			isa = PBXGroup;
			children = (
				9391B03E1DCB88FC00CFF750 /* MainVC.swift */,
				935854DA1DCB944C003545C9 /* CreatorCardVC.swift */,
			);
			name = Controllers;
			sourceTree = "<group>";
		};
		9391B0301DCB88FC00CFF750 = {
			isa = PBXGroup;
			children = (
				9391B03B1DCB88FC00CFF750 /* SportsCardCollector */,
				9391B03A1DCB88FC00CFF750 /* Products */,
			);
			sourceTree = "<group>";
		};
		9391B03A1DCB88FC00CFF750 /* Products */ = {
			isa = PBXGroup;
			children = (
				9391B0391DCB88FC00CFF750 /* SportsCardCollector.app */,
			);
			name = Products;
			sourceTree = "<group>";
		};
		9391B03B1DCB88FC00CFF750 /* SportsCardCollector */ = {
			isa = PBXGroup;
			children = (
				935854D91DCB8B0D003545C9 /* Controllers */,
				9391B03C1DCB88FC00CFF750 /* AppDelegate.swift */,
				9391B0401DCB88FC00CFF750 /* Main.storyboard */,
				9391B0461DCB88FC00CFF750 /* Assets.xcassets */,
				9391B0481DCB88FC00CFF750 /* LaunchScreen.storyboard */,
				9391B04B1DCB88FC00CFF750 /* Info.plist */,
				9391B0431DCB88FC00CFF750 /* SportsCardCollector.xcdatamodeld */,
			);
			path = SportsCardCollector;
			sourceTree = "<group>";
		};
/* End PBXGroup section */

/* Begin PBXNativeTarget section */
		9391B0381DCB88FC00CFF750 /* SportsCardCollector */ = {
			isa = PBXNativeTarget;
			buildConfigurationList = 9391B04E1DCB88FC00CFF750 /* Build configuration list for PBXNativeTarget "SportsCardCollector" */;
			buildPhases = (
				9391B0351DCB88FC00CFF750 /* Sources */,
				9391B0361DCB88FC00CFF750 /* Frameworks */,
				9391B0371DCB88FC00CFF750 /* Resources */,
			);
			buildRules = (
			);
			dependencies = (
			);
			name = SportsCardCollector;
			productName = SportsCardCollector;
			productReference = 9391B0391DCB88FC00CFF750 /* SportsCardCollector.app */;
			productType = "com.apple.product-type.application";
		};
/* End PBXNativeTarget section */

/* Begin PBXProject section */
		9391B0311DCB88FC00CFF750 /* Project object */ = {
			isa = PBXProject;
			attributes = {
				LastSwiftUpdateCheck = 0810;
				LastUpgradeCheck = 0810;
				ORGANIZATIONNAME = "be connected club inc";
				TargetAttributes = {
					9391B0381DCB88FC00CFF750 = {
						CreatedOnToolsVersion = 8.1;
						ProvisioningStyle = Automatic;
					};
				};
			};
			buildConfigurationList = 9391B0341DCB88FC00CFF750 /* Build configuration list for PBXProject "SportsCardCollector" */;
			compatibilityVersion = "Xcode 3.2";
			developmentRegion = English;
			hasScannedForEncodings = 0;
			knownRegions = (
				en,
				Base,
			);
			mainGroup = 9391B0301DCB88FC00CFF750;
			productRefGroup = 9391B03A1DCB88FC00CFF750 /* Products */;
			projectDirPath = "";
			projectRoot = "";
			targets = (
				9391B0381DCB88FC00CFF750 /* SportsCardCollector */,
			);
		};
/* End PBXProject section */

/* Begin PBXResourcesBuildPhase section */
		9391B0371DCB88FC00CFF750 /* Resources */ = {
			isa = PBXResourcesBuildPhase;
			buildActionMask = 2147483647;
			files = (
				9391B04A1DCB88FC00CFF750 /* LaunchScreen.storyboard in Resources */,
				9391B0471DCB88FC00CFF750 /* Assets.xcassets in Resources */,
				9391B0421DCB88FC00CFF750 /* Main.storyboard in Resources */,
			);
			runOnlyForDeploymentPostprocessing = 0;
		};
/* End PBXResourcesBuildPhase section */

/* Begin PBXSourcesBuildPhase section */
		9391B0351DCB88FC00CFF750 /* Sources */ = {
			isa = PBXSourcesBuildPhase;
			buildActionMask = 2147483647;
			files = (
				9391B03F1DCB88FC00CFF750 /* MainVC.swift in Sources */,
				935854DB1DCB944C003545C9 /* CreatorCardVC.swift in Sources */,
				9391B03D1DCB88FC00CFF750 /* AppDelegate.swift in Sources */,
				9391B0451DCB88FC00CFF750 /* SportsCardCollector.xcdatamodeld in Sources */,
			);
			runOnlyForDeploymentPostprocessing = 0;
		};
/* End PBXSourcesBuildPhase section */

/* Begin PBXVariantGroup section */
		9391B0401DCB88FC00CFF750 /* Main.storyboard */ = {
			isa = PBXVariantGroup;
			children = (
				9391B0411DCB88FC00CFF750 /* Base */,
			);
			name = Main.storyboard;
			sourceTree = "<group>";
		};
		9391B0481DCB88FC00CFF750 /* LaunchScreen.storyboard */ = {
			isa = PBXVariantGroup;
			children = (
				9391B0491DCB88FC00CFF750 /* Base */,
			);
			name = LaunchScreen.storyboard;
			sourceTree = "<group>";
		};
/* End PBXVariantGroup section */

/* Begin XCBuildConfiguration section */
		9391B04C1DCB88FC00CFF750 /* Debug */ = {
			isa = XCBuildConfiguration;
			buildSettings = {
				ALWAYS_SEARCH_USER_PATHS = NO;
				CLANG_ANALYZER_NONNULL = YES;
				CLANG_CXX_LANGUAGE_STANDARD = "gnu++0x";
				CLANG_CXX_LIBRARY = "libc++";
				CLANG_ENABLE_MODULES = YES;
				CLANG_ENABLE_OBJC_ARC = YES;
				CLANG_WARN_BOOL_CONVERSION = YES;
				CLANG_WARN_CONSTANT_CONVERSION = YES;
				CLANG_WARN_DIRECT_OBJC_ISA_USAGE = YES_ERROR;
				CLANG_WARN_DOCUMENTATION_COMMENTS = YES;
				CLANG_WARN_EMPTY_BODY = YES;
				CLANG_WARN_ENUM_CONVERSION = YES;
				CLANG_WARN_INFINITE_RECURSION = YES;
				CLANG_WARN_INT_CONVERSION = YES;
				CLANG_WARN_OBJC_ROOT_CLASS = YES_ERROR;
				CLANG_WARN_SUSPICIOUS_MOVES = YES;
				CLANG_WARN_UNREACHABLE_CODE = YES;
				CLANG_WARN__DUPLICATE_METHOD_MATCH = YES;
				"CODE_SIGN_IDENTITY[sdk=iphoneos*]" = "iPhone Developer";
				COPY_PHASE_STRIP = NO;
				DEBUG_INFORMATION_FORMAT = dwarf;
				ENABLE_STRICT_OBJC_MSGSEND = YES;
				ENABLE_TESTABILITY = YES;
				GCC_C_LANGUAGE_STANDARD = gnu99;
				GCC_DYNAMIC_NO_PIC = NO;
				GCC_NO_COMMON_BLOCKS = YES;
				GCC_OPTIMIZATION_LEVEL = 0;
				GCC_PREPROCESSOR_DEFINITIONS = (
					"DEBUG=1",
					"$(inherited)",
				);
				GCC_WARN_64_TO_32_BIT_CONVERSION = YES;
				GCC_WARN_ABOUT_RETURN_TYPE = YES_ERROR;
				GCC_WARN_UNDECLARED_SELECTOR = YES;
				GCC_WARN_UNINITIALIZED_AUTOS = YES_AGGRESSIVE;
				GCC_WARN_UNUSED_FUNCTION = YES;
				GCC_WARN_UNUSED_VARIABLE = YES;
				IPHONEOS_DEPLOYMENT_TARGET = 10.1;
				MTL_ENABLE_DEBUG_INFO = YES;
				ONLY_ACTIVE_ARCH = YES;
				SDKROOT = iphoneos;
				SWIFT_ACTIVE_COMPILATION_CONDITIONS = DEBUG;
				SWIFT_OPTIMIZATION_LEVEL = "-Onone";
				TARGETED_DEVICE_FAMILY = "1,2";
			};
			name = Debug;
		};
		9391B04D1DCB88FC00CFF750 /* Release */ = {
			isa = XCBuildConfiguration;
			buildSettings = {
				ALWAYS_SEARCH_USER_PATHS = NO;
				CLANG_ANALYZER_NONNULL = YES;
				CLANG_CXX_LANGUAGE_STANDARD = "gnu++0x";
				CLANG_CXX_LIBRARY = "libc++";
				CLANG_ENABLE_MODULES = YES;
				CLANG_ENABLE_OBJC_ARC = YES;
				CLANG_WARN_BOOL_CONVERSION = YES;
				CLANG_WARN_CONSTANT_CONVERSION = YES;
				CLANG_WARN_DIRECT_OBJC_ISA_USAGE = YES_ERROR;
				CLANG_WARN_DOCUMENTATION_COMMENTS = YES;
				CLANG_WARN_EMPTY_BODY = YES;
				CLANG_WARN_ENUM_CONVERSION = YES;
				CLANG_WARN_INFINITE_RECURSION = YES;
				CLANG_WARN_INT_CONVERSION = YES;
				CLANG_WARN_OBJC_ROOT_CLASS = YES_ERROR;
				CLANG_WARN_SUSPICIOUS_MOVES = YES;
				CLANG_WARN_UNREACHABLE_CODE = YES;
				CLANG_WARN__DUPLICATE_METHOD_MATCH = YES;
				"CODE_SIGN_IDENTITY[sdk=iphoneos*]" = "iPhone Developer";
				COPY_PHASE_STRIP = NO;
				DEBUG_INFORMATION_FORMAT = "dwarf-with-dsym";
				ENABLE_NS_ASSERTIONS = NO;
				ENABLE_STRICT_OBJC_MSGSEND = YES;
				GCC_C_LANGUAGE_STANDARD = gnu99;
				GCC_NO_COMMON_BLOCKS = YES;
				GCC_WARN_64_TO_32_BIT_CONVERSION = YES;
				GCC_WARN_ABOUT_RETURN_TYPE = YES_ERROR;
				GCC_WARN_UNDECLARED_SELECTOR = YES;
				GCC_WARN_UNINITIALIZED_AUTOS = YES_AGGRESSIVE;
				GCC_WARN_UNUSED_FUNCTION = YES;
				GCC_WARN_UNUSED_VARIABLE = YES;
				IPHONEOS_DEPLOYMENT_TARGET = 10.1;
				MTL_ENABLE_DEBUG_INFO = NO;
				SDKROOT = iphoneos;
				SWIFT_OPTIMIZATION_LEVEL = "-Owholemodule";
				TARGETED_DEVICE_FAMILY = "1,2";
				VALIDATE_PRODUCT = YES;
			};
			name = Release;
		};
		9391B04F1DCB88FC00CFF750 /* Debug */ = {
			isa = XCBuildConfiguration;
			buildSettings = {
				ASSETCATALOG_COMPILER_APPICON_NAME = AppIcon;
				DEVELOPMENT_TEAM = "";
				INFOPLIST_FILE = SportsCardCollector/Info.plist;
				IPHONEOS_DEPLOYMENT_TARGET = 10.1;
				LD_RUNPATH_SEARCH_PATHS = "$(inherited) @executable_path/Frameworks";
				PRODUCT_NAME = "$(TARGET_NAME)";
				SWIFT_VERSION = 3.0;
			};
			name = Debug;
		};
		9391B0501DCB88FC00CFF750 /* Release */ = {
			isa = XCBuildConfiguration;
			buildSettings = {
				ASSETCATALOG_COMPILER_APPICON_NAME = AppIcon;
				DEVELOPMENT_TEAM = "";
				INFOPLIST_FILE = SportsCardCollector/Info.plist;
				IPHONEOS_DEPLOYMENT_TARGET = 10.1;
				LD_RUNPATH_SEARCH_PATHS = "$(inherited) @executable_path/Frameworks";
				PRODUCT_NAME = "$(TARGET_NAME)";
				SWIFT_VERSION = 3.0;
			};
			name = Release;
		};
/* End XCBuildConfiguration section */

/* Begin XCConfigurationList section */
		9391B0341DCB88FC00CFF750 /* Build configuration list for PBXProject "SportsCardCollector" */ = {
			isa = XCConfigurationList;
			buildConfigurations = (
				9391B04C1DCB88FC00CFF750 /* Debug */,
				9391B04D1DCB88FC00CFF750 /* Release */,
			);
			defaultConfigurationIsVisible = 0;
			defaultConfigurationName = Release;
		};
		9391B04E1DCB88FC00CFF750 /* Build configuration list for PBXNativeTarget "SportsCardCollector" */ = {
			isa = XCConfigurationList;
			buildConfigurations = (
				9391B04F1DCB88FC00CFF750 /* Debug */,
				9391B0501DCB88FC00CFF750 /* Release */,
			);
			defaultConfigurationIsVisible = 0;
			defaultConfigurationName = Release;
		};
/* End XCConfigurationList section */

/* Begin XCVersionGroup section */
		9391B0431DCB88FC00CFF750 /* SportsCardCollector.xcdatamodeld */ = {
			isa = XCVersionGroup;
			children = (
				9391B0441DCB88FC00CFF750 /* SportsCardCollector.xcdatamodel */,
			);
			currentVersion = 9391B0441DCB88FC00CFF750 /* SportsCardCollector.xcdatamodel */;
			path = SportsCardCollector.xcdatamodeld;
			sourceTree = "<group>";
			versionGroupType = wrapper.xcdatamodel;
		};
/* End XCVersionGroup section */
	};
	rootObject = 9391B0311DCB88FC00CFF750 /* Project object */;
}
